{
  "version": "5",
  "specifiers": {
    "jsr:@std/assert@1": "1.0.19",
    "jsr:@std/internal@^1.0.12": "1.0.14",
    "npm:@biomejs/biome@^2.2.4": "2.5.5",
    "npm:@playwright/test@^1.55.1": "1.61.1",
    "npm:hono@^4.9.8": "4.12.31",
    "npm:playwright@*": "1.61.1"
  },
  "jsr": {
    "@std/assert@1.0.19": {
      "integrity": "eaada96ee120cb980bc47e040f82814d786fe8162ecc53c91d8df60b8755991e",
      "dependencies": [
        "jsr:@std/internal"
      ]
    },
    "@std/internal@1.0.14": {
      "integrity": "291516b3d4c35024d6ffbc0a9df5bf4c64116e05b50012cf846710152d2ffdf7"
    }
  },
  "npm": {
    "@biomejs/biome@2.5.5": {
      "integrity": "sha512-r1S8nFsAG1MY+vJFZALzIvwXAJv6ejDQ0mxP21Tgr9YK3ZFtjrvbBwDdNhx1rUqvccEIeNg20cYCNzl6Cr69pQ==",
      "optionalDependencies": [
        "@biomejs/cli-darwin-arm64",
        "@biomejs/cli-darwin-x64",
        "@biomejs/cli-linux-arm64",
        "@biomejs/cli-linux-arm64-musl",
        "@biomejs/cli-linux-x64",
        "@biomejs/cli-linux-x64-musl",
        "@biomejs/cli-win32-arm64",
        "@biomejs/cli-win32-x64"
      ],
      "bin": true
    },
    "@biomejs/cli-darwin-arm64@2.5.5": {
      "integrity": "sha512-kUrAhXVWUrwmAUnV2iXSK7umxKFysTwvqK+Ty6ptUcLY/7T3SnCAjUowE4uvwaEej6nXZ7hu/dTtbokKdsPeag==",
      "os": ["darwin"],
      "cpu": ["arm64"]
    },
    "@biomejs/cli-darwin-x64@2.5.5": {
      "integrity": "sha512-DamiYc5bUYZ2uxlfc+RLEPtz1Abb6PO5eTbOkufLpSGwd/7AMQAdxhFYiXmwwkJL8IsT8S7GvdgwDHqaMFAvKw==",
      "os": ["darwin"],
      "cpu": ["x64"]
    },
    "@biomejs/cli-linux-arm64-musl@2.5.5": {
      "integrity": "sha512-U4WMl/sy/E/Q73vf15VspakLRRs2LDFcCeBxJnQfXzssb88zpV6PJPaQ3ezhQ7H6Ht2/8bvuZeHgJWzmoxllZg==",
      "os": ["linux"],
      "cpu": ["arm64"]
    },
    "@biomejs/cli-linux-arm64@2.5.5": {
      "integrity": "sha512-lRKF/pH/1RiYiBKExi3TCZVAtvzEm77aifrvcNiDFrR9WxeAnDUjDnseb6y2XV85mjitLs6SILGm2XG77cHtSQ==",
      "os": ["linux"],
      "cpu": ["arm64"]
    },
    "@biomejs/cli-linux-x64-musl@2.5.5": {
      "integrity": "sha512-m7wC7tjX5Lrmo69dc4md8FeKpPU1NTCY1v7xUoQQ2vadWwNnBS0KZOG8471otFPHrTHihQJAjQPgMObpLvDe6A==",
      "os": ["linux"],
      "cpu": ["x64"]
    },
    "@biomejs/cli-linux-x64@2.5.5": {
      "integrity": "sha512-H/O39nJEw/2Zm/fm7hrmxxoF8kK/aU1uCoPp70ruXVbomaAdLpJJnCmL11Q2JotT8QVHH06So04Oq53lCSwSwQ==",
      "os": ["linux"],
      "cpu": ["x64"]
    },
    "@biomejs/cli-win32-arm64@2.5.5": {
      "integrity": "sha512-7BryINPuYypLUAH3o/o5ZdgomJ4zn3EDR0ChZJst7n32S6ZhKbgHXuYydLu+YAnx59ehGFR0z/MG6qnzQi3Yyw==",
      "os": ["win32"],
      "cpu": ["arm64"]
    },
    "@biomejs/cli-win32-x64@2.5.5": {
      "integrity": "sha512-bIBFo+n6MIxdNcVFy5CrurbKiZQiUciK3bt8+O9I4wjFZNTfXLpi+giq47522eXqW5NBc9ulx7dR1SlZKi2J5g==",
      "os": ["win32"],
      "cpu": ["x64"]
    },
    "@playwright/test@1.61.1": {
      "integrity": "sha512-8nKv6+0RJSL9FE4jYOEGXnPeM/Hg12qZpmqzZjRh3qM0Y7c3z1mrOTfFLids72RDQYVh9WpLEfR5WdpNX4fkig==",
      "dependencies": [
        "playwright"
      ],
      "bin": true
    },
    "fsevents@2.3.2": {
      "integrity": "sha512-xiqMQR4xAeHTuB9uWm+fFRcIOgKBMiOBP+eXiyT7jsgVCq1bkVygt00oASowB7EdtpOHaaPgKt812P9ab+DDKA==",
      "os": ["darwin"],
      "scripts": true
    },
    "hono@4.12.31": {
      "integrity": "sha512-zJIHFrl6bq3RDd2YusFNCDlM8qUprxKswyi/OPzPyzKDdyBXDqWx8bZlZ7R+saTdSTatUmb3O7K4SspGPaEOQg=="
    },
    "playwright-core@1.61.1": {
      "integrity": "sha512-h7Qlt6m4REp25qvIdvbDtVmD4LqVXfpRxhORv9L0jzETM05p4fuPJ3dKyuSXQxDSbXnmS79HAgi9589lGSpLkg==",
      "bin": true
    },
    "playwright@1.61.1": {
      "integrity": "sha512-DWnY5o3YbLWK4GovuAVwpqL+1VwGNdUGrRr++8j8PtQQzvAVZUIMjKQ90fY689sEJZJBbZVw1rXaOKSTitkzPQ==",
      "dependencies": [
        "playwright-core"
      ],
      "optionalDependencies": [
        "fsevents"
      ],
      "bin": true
    }
  },
  "remote": {
    "https://deno.land/x/vento@v2.4.0/core/environment.ts": "1da293f6a837590ce95a829638b0ffdefd6b18ac5de54b6a55a284febf6d382f",
    "https://deno.land/x/vento@v2.4.0/core/errors.ts": "8606b682b465d598a394feea135dd2f84033b5ef2a61a23d116ccb782a0a547a",
    "https://deno.land/x/vento@v2.4.0/core/js.ts": "83084240150d7e8b83e43ec8fcf78564a8ba8599c3d517976efbb11b208903b2",
    "https://deno.land/x/vento@v2.4.0/core/reserved.ts": "e3ccafb4e5524b9c51fa14fa0e4bf17fd9bdd791848f17afa2aeb97835c486d1",
    "https://deno.land/x/vento@v2.4.0/core/tokenizer.ts": "460faa3de0e561e5046c46528c8bcbfc46b9de576af7ec8c4a8954a61a80ec76",
    "https://deno.land/x/vento@v2.4.0/loaders/file.ts": "83f579ac39838642bb45c6ddf48c05c08134cdd95fa7364d004fb443e972196a",
    "https://deno.land/x/vento@v2.4.0/mod.ts": "26081287509a87d81c51917795ff94ea80056c43599af8140bb5f666f0aaa767",
    "https://deno.land/x/vento@v2.4.0/plugins/default.ts": "bab4f1f3e38a6ea3673d6aaa8409ca79ec241daa07a18582b4f2549cc5532200",
    "https://deno.land/x/vento@v2.4.0/plugins/echo.ts": "26109b7d47d33621dd764136be665052a48b3e68aeda2bd961504702f14c829f",
    "https://deno.land/x/vento@v2.4.0/plugins/empty.ts": "59b9ac2e6e30db7cf505c1ade3169af0010d08bb96176ff25f10eb4ac13e217e",
    "https://deno.land/x/vento@v2.4.0/plugins/escape.ts": "1db6eb7b22f88bbf94d21636c9b156ec4868e10bbcfa7dc5eae7113c36ef7b8a",
    "https://deno.land/x/vento@v2.4.0/plugins/export.ts": "40308665aeee8edeab4618d1838c1843c03cba8a7803ed9a27fceadf7a10bbef",
    "https://deno.land/x/vento@v2.4.0/plugins/for.ts": "a893a3de2c5cab43d5018cb80718ea46377c172d550e7a8ead076f00c58d59bf",
    "https://deno.land/x/vento@v2.4.0/plugins/function.ts": "472bdbe0bffb7d38c59003b02510cf85a78a35927219bc6a02ac2d4fde8b6597",
    "https://deno.land/x/vento@v2.4.0/plugins/if.ts": "db13776a5b9e7988f65c27943c344bec7463c5f3162a06cc4da1a313d7109195",
    "https://deno.land/x/vento@v2.4.0/plugins/import.ts": "b6fb6cc922c0897d15918d10766bbbd51069336780acdc8bbf23922ed870a1b3",
    "https://deno.land/x/vento@v2.4.0/plugins/include.ts": "7b39ae093e4c25f0de5f0b174c00c06c30bf7092b55f00a58a64968fa8ceabde",
    "https://deno.land/x/vento@v2.4.0/plugins/js.ts": "f5a7fd8cc48cb1b1dc0b396e3d1fee4664cf28932dc5f5f301e38243e0e987dc",
    "https://deno.land/x/vento@v2.4.0/plugins/layout.ts": "9c90bb58cc5302af48b97320f8eb128b37bb29f6128d7a75c8dd7b6625b870e1",
    "https://deno.land/x/vento@v2.4.0/plugins/mod.ts": "2bd756b503b1d100014fa02f92e2e8d07d894c6297358232a685c4a1527908c7",
    "https://deno.land/x/vento@v2.4.0/plugins/set.ts": "cbe42b771a04203b6fc1c178e655fa2536ab90ae67e52c083cf7c71f37c62711",
    "https://deno.land/x/vento@v2.4.0/plugins/trim.ts": "8d33271327b09ffd8f569ebde85125b1324fa9538a54d6072ac97a9fb5d24264",
    "https://deno.land/x/vento@v2.4.0/plugins/unescape.ts": "1c56f0310c7757880df7684fc6b7bf9efd27fdb6b929b89626802f5a99cb93ee"
  },
  "workspace": {
    "dependencies": [
      "npm:@biomejs/biome@^2.2.4",
      "npm:@playwright/test@^1.55.1",
      "npm:hono@^4.9.8"
    ]
  }
}
