{
  "version": "5",
  "specifiers": {
    "jsr:@logtape/logtape@^1.2.0-dev.344+834f24a9": "1.3.11",
    "jsr:@std/assert@1": "1.0.19",
    "jsr:@std/assert@^1.0.14": "1.0.19",
    "jsr:@std/internal@^1.0.12": "1.0.14",
    "npm:@axe-core/playwright@^4.10.2": "4.12.1_playwright-core@1.61.1",
    "npm:@biomejs/biome@^2.2.4": "2.5.5",
    "npm:@huggingface/tokenizers@0.1.3": "0.1.3",
    "npm:@playwright/test@^1.55.1": "1.61.1",
    "npm:dprint@*": "0.55.2",
    "npm:hono@^4.9.8": "4.12.31",
    "npm:playwright@*": "1.61.1",
    "npm:zod@^4.1.11": "4.4.3"
  },
  "jsr": {
    "@logtape/logtape@1.3.11": {
      "integrity": "eb673324344f1a4a01900ba81c815c361407543924c0387d85cdaf7846d73e8c"
    },
    "@std/assert@1.0.19": {
      "integrity": "eaada96ee120cb980bc47e040f82814d786fe8162ecc53c91d8df60b8755991e",
      "dependencies": [
        "jsr:@std/internal"
      ]
    },
    "@std/internal@1.0.14": {
      "integrity": "291516b3d4c35024d6ffbc0a9df5bf4c64116e05b50012cf846710152d2ffdf7"
    }
  },
  "npm": {
    "@axe-core/playwright@4.12.1_playwright-core@1.61.1": {
      "integrity": "sha512-rMd7xriptqKpP+w5265i4Hdkv2X5kbu6uiBi/B2I7uf3hieRBM3qDCfaKPtxfiYb2mKXfF+yLODJwIx+Jv1GDw==",
      "dependencies": [
        "axe-core",
        "playwright-core"
      ]
    },
    "@biomejs/biome@2.5.5": {
      "integrity": "sha512-r1S8nFsAG1MY+vJFZALzIvwXAJv6ejDQ0mxP21Tgr9YK3ZFtjrvbBwDdNhx1rUqvccEIeNg20cYCNzl6Cr69pQ==",
      "optionalDependencies": [
        "@biomejs/cli-darwin-arm64",
        "@biomejs/cli-darwin-x64",
        "@biomejs/cli-linux-arm64",
        "@biomejs/cli-linux-arm64-musl",
        "@biomejs/cli-linux-x64",
        "@biomejs/cli-linux-x64-musl",
        "@biomejs/cli-win32-arm64",
        "@biomejs/cli-win32-x64"
      ],
      "bin": true
    },
    "@biomejs/cli-darwin-arm64@2.5.5": {
      "integrity": "sha512-kUrAhXVWUrwmAUnV2iXSK7umxKFysTwvqK+Ty6ptUcLY/7T3SnCAjUowE4uvwaEej6nXZ7hu/dTtbokKdsPeag==",
      "os": ["darwin"],
      "cpu": ["arm64"]
    },
    "@biomejs/cli-darwin-x64@2.5.5": {
      "integrity": "sha512-DamiYc5bUYZ2uxlfc+RLEPtz1Abb6PO5eTbOkufLpSGwd/7AMQAdxhFYiXmwwkJL8IsT8S7GvdgwDHqaMFAvKw==",
      "os": ["darwin"],
      "cpu": ["x64"]
    },
    "@biomejs/cli-linux-arm64-musl@2.5.5": {
      "integrity": "sha512-U4WMl/sy/E/Q73vf15VspakLRRs2LDFcCeBxJnQfXzssb88zpV6PJPaQ3ezhQ7H6Ht2/8bvuZeHgJWzmoxllZg==",
      "os": ["linux"],
      "cpu": ["arm64"]
    },
    "@biomejs/cli-linux-arm64@2.5.5": {
      "integrity": "sha512-lRKF/pH/1RiYiBKExi3TCZVAtvzEm77aifrvcNiDFrR9WxeAnDUjDnseb6y2XV85mjitLs6SILGm2XG77cHtSQ==",
      "os": ["linux"],
      "cpu": ["arm64"]
    },
    "@biomejs/cli-linux-x64-musl@2.5.5": {
      "integrity": "sha512-m7wC7tjX5Lrmo69dc4md8FeKpPU1NTCY1v7xUoQQ2vadWwNnBS0KZOG8471otFPHrTHihQJAjQPgMObpLvDe6A==",
      "os": ["linux"],
      "cpu": ["x64"]
    },
    "@biomejs/cli-linux-x64@2.5.5": {
      "integrity": "sha512-H/O39nJEw/2Zm/fm7hrmxxoF8kK/aU1uCoPp70ruXVbomaAdLpJJnCmL11Q2JotT8QVHH06So04Oq53lCSwSwQ==",
      "os": ["linux"],
      "cpu": ["x64"]
    },
    "@biomejs/cli-win32-arm64@2.5.5": {
      "integrity": "sha512-7BryINPuYypLUAH3o/o5ZdgomJ4zn3EDR0ChZJst7n32S6ZhKbgHXuYydLu+YAnx59ehGFR0z/MG6qnzQi3Yyw==",
      "os": ["win32"],
      "cpu": ["arm64"]
    },
    "@biomejs/cli-win32-x64@2.5.5": {
      "integrity": "sha512-bIBFo+n6MIxdNcVFy5CrurbKiZQiUciK3bt8+O9I4wjFZNTfXLpi+giq47522eXqW5NBc9ulx7dR1SlZKi2J5g==",
      "os": ["win32"],
      "cpu": ["x64"]
    },
    "@dprint/android-arm64@0.55.2": {
      "integrity": "sha512-cywqM0E2h8lCA/b5BMFcuascaGuekm2lnyKb5hRH9juKbsqKeR8A7qf2p3nVWRQ8cM7djOnQwhy8ecQ3qd6j9A==",
      "os": ["android"],
      "cpu": ["arm64"]
    },
    "@dprint/android-x64@0.55.2": {
      "integrity": "sha512-BvcqquD94dSYQP2FzBuojU/8vITpwz80uAkub2xCCx5g7zYdUZ98tK+N3GKfRS5AUJ1LpRPJgbO09rRLEo8leA==",
      "os": ["android"],
      "cpu": ["x64"]
    },
    "@dprint/darwin-arm64@0.55.2": {
      "integrity": "sha512-HjzasuPaC0EBHxEpS3Px/OPcxqZYln37xuAyYE0GFAhDuaotZEUpM8VE05Tzo4E32y7LKgLPT8CZVtEG5Ck7mQ==",
      "os": ["darwin"],
      "cpu": ["arm64"]
    },
    "@dprint/darwin-x64@0.55.2": {
      "integrity": "sha512-7XSF9XERvimg3XakXNlJRpJM9an5HKibWWShwCJr7Dz1Xp7P3pomjx9AtYV5EeD49GXu9FKdFfDiTC4BJtAVjA==",
      "os": ["darwin"],
      "cpu": ["x64"]
    },
    "@dprint/linux-arm64-glibc@0.55.2": {
      "integrity": "sha512-2h5oe4tHGXJOTLU5BxVJLGPP1qQQxxECdjUaRkLxGn2rZIEf/7HwoJ+TjwMUaIVg4QxAFxfiMJJ3MRZjumJpsg==",
      "os": ["linux"],
      "cpu": ["arm64"]
    },
    "@dprint/linux-arm64-musl@0.55.2": {
      "integrity": "sha512-Z1X9mNLHWoSI7CHz888H2w27IV2UQ5lL/YbTwgguJM9ApLgvkMer5qr4pLlXF6vEY3+Rm0445eo3uojbjE7PTw==",
      "os": ["linux"],
      "cpu": ["arm64"]
    },
    "@dprint/linux-loong64-glibc@0.55.2": {
      "integrity": "sha512-qxk4Cg/SjO14DALoG1MFZL+n6pEvCyd7VDHg1cQIpp82mZ+wtRaWkJqSaItWj12x8jihA32wAoQ/8OHz+5FFsQ==",
      "os": ["linux"],
      "cpu": ["loong64"]
    },
    "@dprint/linux-loong64-musl@0.55.2": {
      "integrity": "sha512-Mr+kRdZnxhUHBmhhADkYOo1g81PYvbh7eBo+lpMStgIvL/5Z93mGAcp/1NFcpeN02pilaI1N59awV08ApJ19cA==",
      "os": ["linux"],
      "cpu": ["loong64"]
    },
    "@dprint/linux-ppc64-glibc@0.55.2": {
      "integrity": "sha512-C8XEL3f3yg+MWZD4qlot+ibJ0GDPvCT5jq9ErwPdKteyIPpe6IPSqiEApYSQ194Q7audL8rgS0WdJsW4HNVhmw==",
      "os": ["linux"],
      "cpu": ["ppc64"]
    },
    "@dprint/linux-ppc64-musl@0.55.2": {
      "integrity": "sha512-tSGe4bTmL5/EhNH38baCKWBGxOXVB0M5Loxnpls7wsQjuLpzWnzDCw4wiO3C7PrKLbAe4sJUWhbgdDXa3TJ2eQ==",
      "os": ["linux"],
      "cpu": ["ppc64"]
    },
    "@dprint/linux-riscv64-glibc@0.55.2": {
      "integrity": "sha512-gSaoq9e3vGTfYm5jcEd86YysFsp8OJF/CGZgBzNNu3NSjLEs8VVgTObDxQI+U7ex2mA17lbpWyr3diejaaK+bg==",
      "os": ["linux"],
      "cpu": ["riscv64"]
    },
    "@dprint/linux-x64-glibc@0.55.2": {
      "integrity": "sha512-GBLWjuqTT5OGbqh2gQENQihhfRn/AjdDu2SVwjmbZcOFR80HMppIfFrIIolBB3FLyrZk+M8rMk8EAo0tQ3PAXw==",
      "os": ["linux"],
      "cpu": ["x64"]
    },
    "@dprint/linux-x64-musl@0.55.2": {
      "integrity": "sha512-GZEUpmtxCOiauRtqOqT/erAjy2ws8dOxx7oQJFf9g5bypisuapwymvr7fUVVb8nqccFqjx7E5kN4IxKDlzntHA==",
      "os": ["linux"],
      "cpu": ["x64"]
    },
    "@dprint/win32-arm64@0.55.2": {
      "integrity": "sha512-dxDdxU4a6wQ4K0omdAxW7o0mUdOI03z0/Ah3N6O9Ja7wAMQI5sbfzq7DOJ739UVXtHSB4zBTtYuk1MrBOIyVQQ==",
      "os": ["win32"],
      "cpu": ["arm64"]
    },
    "@dprint/win32-x64@0.55.2": {
      "integrity": "sha512-UTiDSShHbrkx+z719/MffgwGYD8PaypdVmG4vVJVjmF5Hoin6EfugHhSoBf8+G6U9rF+uDIIl0idZq+6Bifzwg==",
      "os": ["win32"],
      "cpu": ["x64"]
    },
    "@huggingface/tokenizers@0.1.3": {
      "integrity": "sha512-8rF/RRT10u+kn7YuUbUg0OF30K8rjTc78aHpxT+qJ1uWSqxT1MHi8+9ltwYfkFYJzT/oS+qw3JVfHtNMGAdqyA=="
    },
    "@playwright/test@1.61.1": {
      "integrity": "sha512-8nKv6+0RJSL9FE4jYOEGXnPeM/Hg12qZpmqzZjRh3qM0Y7c3z1mrOTfFLids72RDQYVh9WpLEfR5WdpNX4fkig==",
      "dependencies": [
        "playwright"
      ],
      "bin": true
    },
    "axe-core@4.12.1": {
      "integrity": "sha512-s7iGf5GaVMxEG0ENN9x+xTr7GFZCb1ZP/1uATUpCEK2X78nDB3RwbtFCo9pGAf9ru+VwoQ464DkaLEeRM08wJA=="
    },
    "dprint@0.55.2": {
      "integrity": "sha512-1d4D4SB9KiD2qFnBWbl3aoYjLvPVpZoth28yxTT00xJv2yXugdz0Xoyv7sGG0w0hzE6hQZMgd6B333GnySDpGQ==",
      "optionalDependencies": [
        "@dprint/android-arm64",
        "@dprint/android-x64",
        "@dprint/darwin-arm64",
        "@dprint/darwin-x64",
        "@dprint/linux-arm64-glibc",
        "@dprint/linux-arm64-musl",
        "@dprint/linux-loong64-glibc",
        "@dprint/linux-loong64-musl",
        "@dprint/linux-ppc64-glibc",
        "@dprint/linux-ppc64-musl",
        "@dprint/linux-riscv64-glibc",
        "@dprint/linux-x64-glibc",
        "@dprint/linux-x64-musl",
        "@dprint/win32-arm64",
        "@dprint/win32-x64"
      ],
      "scripts": true,
      "bin": true
    },
    "fsevents@2.3.2": {
      "integrity": "sha512-xiqMQR4xAeHTuB9uWm+fFRcIOgKBMiOBP+eXiyT7jsgVCq1bkVygt00oASowB7EdtpOHaaPgKt812P9ab+DDKA==",
      "os": ["darwin"],
      "scripts": true
    },
    "hono@4.12.31": {
      "integrity": "sha512-zJIHFrl6bq3RDd2YusFNCDlM8qUprxKswyi/OPzPyzKDdyBXDqWx8bZlZ7R+saTdSTatUmb3O7K4SspGPaEOQg=="
    },
    "playwright-core@1.61.1": {
      "integrity": "sha512-h7Qlt6m4REp25qvIdvbDtVmD4LqVXfpRxhORv9L0jzETM05p4fuPJ3dKyuSXQxDSbXnmS79HAgi9589lGSpLkg==",
      "bin": true
    },
    "playwright@1.61.1": {
      "integrity": "sha512-DWnY5o3YbLWK4GovuAVwpqL+1VwGNdUGrRr++8j8PtQQzvAVZUIMjKQ90fY689sEJZJBbZVw1rXaOKSTitkzPQ==",
      "dependencies": [
        "playwright-core"
      ],
      "optionalDependencies": [
        "fsevents"
      ],
      "bin": true
    },
    "zod@4.4.3": {
      "integrity": "sha512-ytENFjIJFl2UwYglde2jchW2Hwm4GJFLDiSXWdTrJQBIN9Fcyp7n4DhxJEiWNAJMV1/BqWfW/kkg71UDcHJyTQ=="
    }
  },
  "remote": {
    "https://deno.land/x/vento@v2.4.0/core/environment.ts": "1da293f6a837590ce95a829638b0ffdefd6b18ac5de54b6a55a284febf6d382f",
    "https://deno.land/x/vento@v2.4.0/core/errors.ts": "8606b682b465d598a394feea135dd2f84033b5ef2a61a23d116ccb782a0a547a",
    "https://deno.land/x/vento@v2.4.0/core/js.ts": "83084240150d7e8b83e43ec8fcf78564a8ba8599c3d517976efbb11b208903b2",
    "https://deno.land/x/vento@v2.4.0/core/reserved.ts": "e3ccafb4e5524b9c51fa14fa0e4bf17fd9bdd791848f17afa2aeb97835c486d1",
    "https://deno.land/x/vento@v2.4.0/core/tokenizer.ts": "460faa3de0e561e5046c46528c8bcbfc46b9de576af7ec8c4a8954a61a80ec76",
    "https://deno.land/x/vento@v2.4.0/loaders/file.ts": "83f579ac39838642bb45c6ddf48c05c08134cdd95fa7364d004fb443e972196a",
    "https://deno.land/x/vento@v2.4.0/mod.ts": "26081287509a87d81c51917795ff94ea80056c43599af8140bb5f666f0aaa767",
    "https://deno.land/x/vento@v2.4.0/plugins/default.ts": "bab4f1f3e38a6ea3673d6aaa8409ca79ec241daa07a18582b4f2549cc5532200",
    "https://deno.land/x/vento@v2.4.0/plugins/echo.ts": "26109b7d47d33621dd764136be665052a48b3e68aeda2bd961504702f14c829f",
    "https://deno.land/x/vento@v2.4.0/plugins/empty.ts": "59b9ac2e6e30db7cf505c1ade3169af0010d08bb96176ff25f10eb4ac13e217e",
    "https://deno.land/x/vento@v2.4.0/plugins/escape.ts": "1db6eb7b22f88bbf94d21636c9b156ec4868e10bbcfa7dc5eae7113c36ef7b8a",
    "https://deno.land/x/vento@v2.4.0/plugins/export.ts": "40308665aeee8edeab4618d1838c1843c03cba8a7803ed9a27fceadf7a10bbef",
    "https://deno.land/x/vento@v2.4.0/plugins/for.ts": "a893a3de2c5cab43d5018cb80718ea46377c172d550e7a8ead076f00c58d59bf",
    "https://deno.land/x/vento@v2.4.0/plugins/function.ts": "472bdbe0bffb7d38c59003b02510cf85a78a35927219bc6a02ac2d4fde8b6597",
    "https://deno.land/x/vento@v2.4.0/plugins/if.ts": "db13776a5b9e7988f65c27943c344bec7463c5f3162a06cc4da1a313d7109195",
    "https://deno.land/x/vento@v2.4.0/plugins/import.ts": "b6fb6cc922c0897d15918d10766bbbd51069336780acdc8bbf23922ed870a1b3",
    "https://deno.land/x/vento@v2.4.0/plugins/include.ts": "7b39ae093e4c25f0de5f0b174c00c06c30bf7092b55f00a58a64968fa8ceabde",
    "https://deno.land/x/vento@v2.4.0/plugins/js.ts": "f5a7fd8cc48cb1b1dc0b396e3d1fee4664cf28932dc5f5f301e38243e0e987dc",
    "https://deno.land/x/vento@v2.4.0/plugins/layout.ts": "9c90bb58cc5302af48b97320f8eb128b37bb29f6128d7a75c8dd7b6625b870e1",
    "https://deno.land/x/vento@v2.4.0/plugins/mod.ts": "2bd756b503b1d100014fa02f92e2e8d07d894c6297358232a685c4a1527908c7",
    "https://deno.land/x/vento@v2.4.0/plugins/set.ts": "cbe42b771a04203b6fc1c178e655fa2536ab90ae67e52c083cf7c71f37c62711",
    "https://deno.land/x/vento@v2.4.0/plugins/trim.ts": "8d33271327b09ffd8f569ebde85125b1324fa9538a54d6072ac97a9fb5d24264",
    "https://deno.land/x/vento@v2.4.0/plugins/unescape.ts": "1c56f0310c7757880df7684fc6b7bf9efd27fdb6b929b89626802f5a99cb93ee"
  },
  "workspace": {
    "dependencies": [
      "jsr:@logtape/logtape@^1.2.0-dev.344+834f24a9",
      "jsr:@std/assert@^1.0.14",
      "npm:@axe-core/playwright@^4.10.2",
      "npm:@biomejs/biome@^2.2.4",
      "npm:@playwright/test@^1.55.1",
      "npm:hono@^4.9.8",
      "npm:zod@^4.1.11"
    ]
  }
}
