# @generated - this file is auto-generated by `mise lock` https://mise.jdx.dev/dev-tools/mise-lock.html

[[tools.deno]]
version = "2.9.3"
backend = "core:deno"

[tools.deno."platforms.linux-arm64"]
checksum = "sha256:1a9b610fb536ac72ded978a2bec9d8bc2af96365709bea10ba02e617b1410133"
url = "https://dl.deno.land/release/v2.9.3/deno-aarch64-unknown-linux-gnu.zip"

[tools.deno."platforms.linux-arm64-musl"]
checksum = "sha256:1a9b610fb536ac72ded978a2bec9d8bc2af96365709bea10ba02e617b1410133"
url = "https://dl.deno.land/release/v2.9.3/deno-aarch64-unknown-linux-gnu.zip"

[tools.deno."platforms.linux-x64"]
checksum = "sha256:c4b10edac3e33cba510bd0e5783526d753a148071a9f0e86c693ea48b50512f2"
url = "https://dl.deno.land/release/v2.9.3/deno-x86_64-unknown-linux-gnu.zip"

[tools.deno."platforms.linux-x64-musl"]
checksum = "sha256:c4b10edac3e33cba510bd0e5783526d753a148071a9f0e86c693ea48b50512f2"
url = "https://dl.deno.land/release/v2.9.3/deno-x86_64-unknown-linux-gnu.zip"

[tools.deno."platforms.macos-arm64"]
checksum = "sha256:fecdfd2f962061c796eda4ce4c5753fdec33cdea4af4b5d1c513cf68f4e98955"
url = "https://dl.deno.land/release/v2.9.3/deno-aarch64-apple-darwin.zip"

[tools.deno."platforms.macos-x64"]
checksum = "sha256:03d9afd3e950cb56f4da221bd447c8ea0bd99967a6a428ae887c4bd1d8a5f516"
url = "https://dl.deno.land/release/v2.9.3/deno-x86_64-apple-darwin.zip"

[tools.deno."platforms.windows-x64"]
checksum = "sha256:5cf26da4e823b9a925220b57b25787d3b8a33729dd8e3d37681fcb57050f0050"
url = "https://dl.deno.land/release/v2.9.3/deno-x86_64-pc-windows-msvc.zip"

[[tools.dprint]]
version = "0.55.2"
backend = "aqua:dprint/dprint"

[tools.dprint."platforms.linux-arm64"]
checksum = "sha256:f0101217dd0abc94f1ac01b83d306d0288aeee8a501e8614a5e2bbe037500be0"
url = "https://github.com/dprint/dprint/releases/download/0.55.2/dprint-aarch64-unknown-linux-musl.zip"
url_api = "https://api.github.com/repos/dprint/dprint/releases/assets/477041358"

[tools.dprint."platforms.linux-arm64-musl"]
checksum = "sha256:f0101217dd0abc94f1ac01b83d306d0288aeee8a501e8614a5e2bbe037500be0"
url = "https://github.com/dprint/dprint/releases/download/0.55.2/dprint-aarch64-unknown-linux-musl.zip"
url_api = "https://api.github.com/repos/dprint/dprint/releases/assets/477041358"

[tools.dprint."platforms.linux-x64"]
checksum = "sha256:45fc0eef3216af21c4c22c6e7e233aa45c3080fac07b6e94db7008a5c8e5c67a"
url = "https://github.com/dprint/dprint/releases/download/0.55.2/dprint-x86_64-unknown-linux-musl.zip"
url_api = "https://api.github.com/repos/dprint/dprint/releases/assets/477041351"

[tools.dprint."platforms.linux-x64-musl"]
checksum = "sha256:45fc0eef3216af21c4c22c6e7e233aa45c3080fac07b6e94db7008a5c8e5c67a"
url = "https://github.com/dprint/dprint/releases/download/0.55.2/dprint-x86_64-unknown-linux-musl.zip"
url_api = "https://api.github.com/repos/dprint/dprint/releases/assets/477041351"

[tools.dprint."platforms.macos-arm64"]
checksum = "sha256:e9ba8ed7988f3350501a8cf8af92da616cdec8d9d5c831c069293c587311b49d"
url = "https://github.com/dprint/dprint/releases/download/0.55.2/dprint-aarch64-apple-darwin.zip"
url_api = "https://api.github.com/repos/dprint/dprint/releases/assets/477041350"

[tools.dprint."platforms.macos-x64"]
checksum = "sha256:b7074cf6c814f995b783b5baa7e516b34e783c42c9baf7af553dbad731adb3a7"
url = "https://github.com/dprint/dprint/releases/download/0.55.2/dprint-x86_64-apple-darwin.zip"
url_api = "https://api.github.com/repos/dprint/dprint/releases/assets/477041364"

[tools.dprint."platforms.windows-x64"]
checksum = "sha256:12e8c26abc8c436223e70f5a30a2864001c92fa356a859eb93e06b97ab7dbd12"
url = "https://github.com/dprint/dprint/releases/download/0.55.2/dprint-x86_64-pc-windows-msvc.zip"
url_api = "https://api.github.com/repos/dprint/dprint/releases/assets/477041355"

[[tools.hk]]
version = "1.53.0"
backend = "aqua:jdx/hk"

[[tools.pkl]]
version = "0.31.1"
backend = "aqua:apple/pkl"
